<?xml version="1.0" encoding="utf-8"?>
<Project ToolsVersion="15.0" xmlns="http://schemas.microsoft.com/developer/msbuild/2003">
  <ItemGroup>
    <ClCompile Include="D:\Users\Leehow\Documents\GitHub\stappp\src\cpp\Bar.cpp">
      <Filter>SOURCE FILES</Filter>
    </ClCompile>
    <ClCompile Include="D:\Users\Leehow\Documents\GitHub\stappp\src\cpp\Clock.cpp">
      <Filter>SOURCE FILES</Filter>
    </ClCompile>
    <ClCompile Include="D:\Users\Leehow\Documents\GitHub\stappp\src\cpp\Domain.cpp">
      <Filter>SOURCE FILES</Filter>
    </ClCompile>
    <ClCompile Include="D:\Users\Leehow\Documents\GitHub\stappp\src\cpp\ElementGroup.cpp">
      <Filter>SOURCE FILES</Filter>
    </ClCompile>
    <ClCompile Include="D:\Users\Leehow\Documents\GitHub\stappp\src\cpp\LoadCaseData.cpp">
      <Filter>SOURCE FILES</Filter>
    </ClCompile>
    <ClCompile Include="D:\Users\Leehow\Documents\GitHub\stappp\src\cpp\Material.cpp">
      <Filter>SOURCE FILES</Filter>
    </ClCompile>
    <ClCompile Include="D:\Users\Leehow\Documents\GitHub\stappp\src\cpp\Node.cpp">
      <Filter>SOURCE FILES</Filter>
    </ClCompile>
    <ClCompile Include="D:\Users\Leehow\Documents\GitHub\stappp\src\cpp\Outputter.cpp">
      <Filter>SOURCE FILES</Filter>
    </ClCompile>
    <ClCompile Include="D:\Users\Leehow\Documents\GitHub\stappp\src\cpp\Solver.cpp">
      <Filter>SOURCE FILES</Filter>
    </ClCompile>
    <ClCompile Include="D:\Users\Leehow\Documents\GitHub\stappp\src\cpp\main.cpp">
      <Filter>SOURCE FILES</Filter>
    </ClCompile>
    <ClCompile Include="4Q.cpp">
      <Filter>SOURCE FILES</Filter>
    </ClCompile>
  </ItemGroup>
  <ItemGroup>
    <ClInclude Include="D:\Users\Leehow\Documents\GitHub\stappp\src\h\Bar.h">
      <Filter>HEADER FILES</Filter>
    </ClInclude>
    <ClInclude Include="D:\Users\Leehow\Documents\GitHub\stappp\src\h\Clock.h">
      <Filter>HEADER FILES</Filter>
    </ClInclude>
    <ClInclude Include="D:\Users\Leehow\Documents\GitHub\stappp\src\h\Domain.h">
      <Filter>HEADER FILES</Filter>
    </ClInclude>
    <ClInclude Include="D:\Users\Leehow\Documents\GitHub\stappp\src\h\Element.h">
      <Filter>HEADER FILES</Filter>
    </ClInclude>
    <ClInclude Include="D:\Users\Leehow\Documents\GitHub\stappp\src\h\ElementGroup.h">
      <Filter>HEADER FILES</Filter>
    </ClInclude>
    <ClInclude Include="D:\Users\Leehow\Documents\GitHub\stappp\src\h\LoadCaseData.h">
      <Filter>HEADER FILES</Filter>
    </ClInclude>
    <ClInclude Include="D:\Users\Leehow\Documents\GitHub\stappp\src\h\Material.h">
      <Filter>HEADER FILES</Filter>
    </ClInclude>
    <ClInclude Include="D:\Users\Leehow\Documents\GitHub\stappp\src\h\Node.h">
      <Filter>HEADER FILES</Filter>
    </ClInclude>
    <ClInclude Include="D:\Users\Leehow\Documents\GitHub\stappp\src\h\Outputter.h">
      <Filter>HEADER FILES</Filter>
    </ClInclude>
    <ClInclude Include="D:\Users\Leehow\Documents\GitHub\stappp\src\h\SkylineMatrix.h">
      <Filter>HEADER FILES</Filter>
    </ClInclude>
    <ClInclude Include="D:\Users\Leehow\Documents\GitHub\stappp\src\h\Solver.h">
      <Filter>HEADER FILES</Filter>
    </ClInclude>
  </ItemGroup>
  <ItemGroup>
    <CustomBuild Include="D:\Users\Leehow\Documents\GitHub\stappp\src\CMakeLists.txt" />
  </ItemGroup>
  <ItemGroup>
    <Filter Include="HEADER FILES">
      <UniqueIdentifier>{20161F19-9F27-3D4A-BBD9-8633F70C3D6A}</UniqueIdentifier>
    </Filter>
    <Filter Include="SOURCE FILES">
      <UniqueIdentifier>{823B9DCE-B839-3603-87DA-D231F79B595B}</UniqueIdentifier>
    </Filter>
  </ItemGroup>
</Project>